
Microsoft Visual Studio Solution File, Format Version 12.00
# Visual Studio Version 16
VisualStudioVersion = 16.0.31129.286
MinimumVisualStudioVersion = 10.0.40219.1
Project("{FAE04EC0-301F-11D3-BF4B-00C04F79EFBC}") = "CoWIN.Notifier", "CoWIN.Notifier\CoWIN.Notifier.csproj", "{BD739C82-A55E-4E8A-966B-C7B27F7A66E6}"
EndProject
Project("{FAE04EC0-301F-11D3-BF4B-00C04F79EFBC}") = "CoWIN.Notifier.Models", "CoWIN.Notifier.Models\CoWIN.Notifier.Models.csproj", "{F935838A-16C0-4D43-8152-02D80476F64A}"
EndProject
Global
	GlobalSection(SolutionConfigurationPlatforms) = preSolution
		Debug|Any CPU = Debug|Any CPU
		Release|Any CPU = Release|Any CPU
	EndGlobalSection
	GlobalSection(ProjectConfigurationPlatforms) = postSolution
		{BD739C82-A55E-4E8A-966B-C7B27F7A66E6}.Debug|Any CPU.ActiveCfg = Debug|Any CPU
		{BD739C82-A55E-4E8A-966B-C7B27F7A66E6}.Debug|Any CPU.Build.0 = Debug|Any CPU
		{BD739C82-A55E-4E8A-966B-C7B27F7A66E6}.Release|Any CPU.ActiveCfg = Release|Any CPU
		{BD739C82-A55E-4E8A-966B-C7B27F7A66E6}.Release|Any CPU.Build.0 = Release|Any CPU
		{F935838A-16C0-4D43-8152-02D80476F64A}.Debug|Any CPU.ActiveCfg = Debug|Any CPU
		{F935838A-16C0-4D43-8152-02D80476F64A}.Debug|Any CPU.Build.0 = Debug|Any CPU
		{F935838A-16C0-4D43-8152-02D80476F64A}.Release|Any CPU.ActiveCfg = Release|Any CPU
		{F935838A-16C0-4D43-8152-02D80476F64A}.Release|Any CPU.Build.0 = Release|Any CPU
	EndGlobalSection
	GlobalSection(SolutionProperties) = preSolution
		HideSolutionNode = FALSE
	EndGlobalSection
	GlobalSection(ExtensibilityGlobals) = postSolution
		SolutionGuid = {994FED80-3841-4D06-B6B6-5E5A725EC460}
	EndGlobalSection
EndGlobal
